# Pinned images (PRD §17.6, NFR-9). Resolved 2026-10-05 with `docker buildx imagetools inspect`.
# The wizard copies these into deploy/compose/.env; compose never uses floating tags.
# Upgrade = change a line here, re-run the wizard, run the tests.
images:
  postgres: pgvector/pgvector:0.8.7-pg17-bookworm@sha256:ac08538c6f8b9904c33c8224c5e5706dbe760aca29db1d096972b4052c22a75d
  valkey: valkey/valkey:9.1.2-alpine@sha256:48332870af354a799964c0012ae1194a0bf2bf894eb508f945810596dc2d8d11
  openfga: openfga/openfga:v1.21.0@sha256:2113c664a486b5da8d7a2cdab479e0d4e30639c80fd2c000540f645c1dbc1e55
  seaweedfs: chrislusf/seaweedfs:4.48@sha256:4e61d15fd35994cb1e43e1e553dff106794841fd9a99ade2fc8c8bfce4d7872d
  litellm: ghcr.io/berriai/litellm:v1.104.0@sha256:625981c83410a3ea68eb0697590a57ec1d764d634514d54fa5db0591077ee839
  ollama: ollama/ollama:0.35.1@sha256:292ee7945dfc3d5840a181f3ab86fedb1e66703e02c8af98b50f4da56b7e278c
  tei: ghcr.io/huggingface/text-embeddings-inference:cpu-1.9.4@sha256:2538ea1c9640d3763b15af668039d24172d063b42337b0c27796fc2be180c78d
  keycloak: quay.io/keycloak/keycloak:26.8.0@sha256:b0f60d489d51c5d113390bdf5461d4c06e6051be026c05549f2e1e10ec352bcc
